
Microsoft Visual Studio Solution File, Format Version 12.00
# Visual Studio Version 17
VisualStudioVersion = 17.8.34330.188
MinimumVisualStudioVersion = 10.0.40219.1
Project("{FAE04EC0-301F-11D3-BF4B-00C04F79EFBC}") = "ProvidersFactories", "ProvidersFactories\ProvidersFactories.csproj", "{D63E340D-0AB1-403D-9E80-BF071EBEDFDC}"
EndProject
Global
	GlobalSection(SolutionConfigurationPlatforms) = preSolution
		Debug|Any CPU = Debug|Any CPU
		Release|Any CPU = Release|Any CPU
	EndGlobalSection
	GlobalSection(ProjectConfigurationPlatforms) = postSolution
		{D63E340D-0AB1-403D-9E80-BF071EBEDFDC}.Debug|Any CPU.ActiveCfg = Debug|Any CPU
		{D63E340D-0AB1-403D-9E80-BF071EBEDFDC}.Debug|Any CPU.Build.0 = Debug|Any CPU
		{D63E340D-0AB1-403D-9E80-BF071EBEDFDC}.Release|Any CPU.ActiveCfg = Release|Any CPU
		{D63E340D-0AB1-403D-9E80-BF071EBEDFDC}.Release|Any CPU.Build.0 = Release|Any CPU
	EndGlobalSection
	GlobalSection(SolutionProperties) = preSolution
		HideSolutionNode = FALSE
	EndGlobalSection
	GlobalSection(ExtensibilityGlobals) = postSolution
		SolutionGuid = {2ED918A0-D8E7-49C4-8E9B-50F5C342C32C}
	EndGlobalSection
EndGlobal
